
Microsoft Visual Studio Solution File, Format Version 12.00
# Visual Studio Version 17
VisualStudioVersion = 17.4.33213.308
MinimumVisualStudioVersion = 10.0.40219.1
Project("{9A19103F-16F7-4668-BE54-9A1E7A4F7556}") = "SAE_01", "SAE_01\SAE_01.csproj", "{7B28E4EE-1A3D-4CD8-A968-CD92AFBF71C0}"
EndProject
Project("{FAE04EC0-301F-11D3-BF4B-00C04F79EFBC}") = "SAE_01Tests", "SAE_01Tests\SAE_01Tests.csproj", "{DD72F183-A953-4D03-93EC-442D96BF3CE7}"
EndProject
Global
	GlobalSection(SolutionConfigurationPlatforms) = preSolution
		Debug|Any CPU = Debug|Any CPU
		Release|Any CPU = Release|Any CPU
	EndGlobalSection
	GlobalSection(ProjectConfigurationPlatforms) = postSolution
		{7B28E4EE-1A3D-4CD8-A968-CD92AFBF71C0}.Debug|Any CPU.ActiveCfg = Debug|Any CPU
		{7B28E4EE-1A3D-4CD8-A968-CD92AFBF71C0}.Debug|Any CPU.Build.0 = Debug|Any CPU
		{7B28E4EE-1A3D-4CD8-A968-CD92AFBF71C0}.Release|Any CPU.ActiveCfg = Release|Any CPU
		{7B28E4EE-1A3D-4CD8-A968-CD92AFBF71C0}.Release|Any CPU.Build.0 = Release|Any CPU
		{DD72F183-A953-4D03-93EC-442D96BF3CE7}.Debug|Any CPU.ActiveCfg = Debug|Any CPU
		{DD72F183-A953-4D03-93EC-442D96BF3CE7}.Debug|Any CPU.Build.0 = Debug|Any CPU
		{DD72F183-A953-4D03-93EC-442D96BF3CE7}.Release|Any CPU.ActiveCfg = Release|Any CPU
		{DD72F183-A953-4D03-93EC-442D96BF3CE7}.Release|Any CPU.Build.0 = Release|Any CPU
	EndGlobalSection
	GlobalSection(SolutionProperties) = preSolution
		HideSolutionNode = FALSE
	EndGlobalSection
	GlobalSection(ExtensibilityGlobals) = postSolution
		SolutionGuid = {AA6BB37A-E40F-47C6-B0FF-1755C3AA7400}
	EndGlobalSection
EndGlobal
